// !$*UTF8*$!
{
	archiveVersion = 1;
	classes = {
	};
	objectVersion = 51;
	objects = {

/* Begin PBXBuildFile section */
		1347E5D824848ADF0036E4A2 /* DetailVC.swift in Sources */ = {isa = PBXBuildFile; fileRef = 1347E5D624848ADF0036E4A2 /* DetailVC.swift */; };
		1347E5D924848ADF0036E4A2 /* DetailVC.xib in Resources */ = {isa = PBXBuildFile; fileRef = 1347E5D724848ADF0036E4A2 /* DetailVC.xib */; };
		1347E5DC2484C4470036E4A2 /* CardDetailTableViewCell.swift in Sources */ = {isa = PBXBuildFile; fileRef = 1347E5DA2484C4470036E4A2 /* CardDetailTableViewCell.swift */; };
		1347E5DD2484C4470036E4A2 /* CardDetailTableViewCell.xib in Resources */ = {isa = PBXBuildFile; fileRef = 1347E5DB2484C4470036E4A2 /* CardDetailTableViewCell.xib */; };
		1347E5E424862BFD0036E4A2 /* MenuVC.swift in Sources */ = {isa = PBXBuildFile; fileRef = 1347E5E224862BFD0036E4A2 /* MenuVC.swift */; };
		1347E5E524862BFD0036E4A2 /* MenuVC.xib in Resources */ = {isa = PBXBuildFile; fileRef = 1347E5E324862BFD0036E4A2 /* MenuVC.xib */; };
		1347E5EA248632060036E4A2 /* MenuTableViewCell.swift in Sources */ = {isa = PBXBuildFile; fileRef = 1347E5E8248632060036E4A2 /* MenuTableViewCell.swift */; };
		1347E5EB248632060036E4A2 /* MenuTableViewCell.xib in Resources */ = {isa = PBXBuildFile; fileRef = 1347E5E9248632060036E4A2 /* MenuTableViewCell.xib */; };
		1347E5EF24863C0F0036E4A2 /* OilVC.swift in Sources */ = {isa = PBXBuildFile; fileRef = 1347E5ED24863C0F0036E4A2 /* OilVC.swift */; };
		1347E5F024863C0F0036E4A2 /* OilVC.xib in Resources */ = {isa = PBXBuildFile; fileRef = 1347E5EE24863C0F0036E4A2 /* OilVC.xib */; };
		1347E5F3248654370036E4A2 /* OilCollectionViewCell.swift in Sources */ = {isa = PBXBuildFile; fileRef = 1347E5F1248654370036E4A2 /* OilCollectionViewCell.swift */; };
		1347E5F4248654370036E4A2 /* OilCollectionViewCell.xib in Resources */ = {isa = PBXBuildFile; fileRef = 1347E5F2248654370036E4A2 /* OilCollectionViewCell.xib */; };
		1347E6182487757D0036E4A2 /* OilModel.swift in Sources */ = {isa = PBXBuildFile; fileRef = 1347E6172487757D0036E4A2 /* OilModel.swift */; };
		13552E92247B8E5A00CA895E /* AppDelegate.swift in Sources */ = {isa = PBXBuildFile; fileRef = 13552E91247B8E5A00CA895E /* AppDelegate.swift */; };
		13552E94247B8E5A00CA895E /* SceneDelegate.swift in Sources */ = {isa = PBXBuildFile; fileRef = 13552E93247B8E5A00CA895E /* SceneDelegate.swift */; };
		13552E96247B8E5A00CA895E /* ViewController.swift in Sources */ = {isa = PBXBuildFile; fileRef = 13552E95247B8E5A00CA895E /* ViewController.swift */; };
		13552E99247B8E5A00CA895E /* Main.storyboard in Resources */ = {isa = PBXBuildFile; fileRef = 13552E97247B8E5A00CA895E /* Main.storyboard */; };
		13552E9B247B8E5B00CA895E /* Assets.xcassets in Resources */ = {isa = PBXBuildFile; fileRef = 13552E9A247B8E5B00CA895E /* Assets.xcassets */; };
		13552E9E247B8E5B00CA895E /* LaunchScreen.storyboard in Resources */ = {isa = PBXBuildFile; fileRef = 13552E9C247B8E5B00CA895E /* LaunchScreen.storyboard */; };
		13552EA6247B915100CA895E /* Extension.swift in Sources */ = {isa = PBXBuildFile; fileRef = 13552EA5247B915100CA895E /* Extension.swift */; };
		13552ED3247C9BFE00CA895E /* Roboto-Light.ttf in Resources */ = {isa = PBXBuildFile; fileRef = 13552ED2247C9BFE00CA895E /* Roboto-Light.ttf */; };
		13552ED5247C9C1B00CA895E /* Lato-Regular.ttf in Resources */ = {isa = PBXBuildFile; fileRef = 13552ED4247C9C1B00CA895E /* Lato-Regular.ttf */; };
		13552ED8247CBEB300CA895E /* TextCollectionViewCell.swift in Sources */ = {isa = PBXBuildFile; fileRef = 13552ED6247CBEB300CA895E /* TextCollectionViewCell.swift */; };
		13552ED9247CBEB300CA895E /* TextCollectionViewCell.xib in Resources */ = {isa = PBXBuildFile; fileRef = 13552ED7247CBEB300CA895E /* TextCollectionViewCell.xib */; };
		13552EDC247CBEC400CA895E /* ImageCollectionViewCell.swift in Sources */ = {isa = PBXBuildFile; fileRef = 13552EDA247CBEC400CA895E /* ImageCollectionViewCell.swift */; };
		13552EDD247CBEC400CA895E /* ImageCollectionViewCell.xib in Resources */ = {isa = PBXBuildFile; fileRef = 13552EDB247CBEC400CA895E /* ImageCollectionViewCell.xib */; };
		1359A57024935FD60076E9F1 /* TicketVC.swift in Sources */ = {isa = PBXBuildFile; fileRef = 1359A56F24935FD60076E9F1 /* TicketVC.swift */; };
		1359A57324936D420076E9F1 /* TicketCollectionViewCell.swift in Sources */ = {isa = PBXBuildFile; fileRef = 1359A57124936D420076E9F1 /* TicketCollectionViewCell.swift */; };
		1359A57424936D420076E9F1 /* TicketCollectionViewCell.xib in Resources */ = {isa = PBXBuildFile; fileRef = 1359A57224936D420076E9F1 /* TicketCollectionViewCell.xib */; };
		1396B9B32499CB3E00C2AEAE /* GoogleService-Info.plist in Resources */ = {isa = PBXBuildFile; fileRef = 1396B9B22499CB3E00C2AEAE /* GoogleService-Info.plist */; };
		13B05452247CE9A000B85357 /* ClientManager.swift in Sources */ = {isa = PBXBuildFile; fileRef = 13B05451247CE9A000B85357 /* ClientManager.swift */; };
		13B05454247CE9AD00B85357 /* DataManager.swift in Sources */ = {isa = PBXBuildFile; fileRef = 13B05453247CE9AD00B85357 /* DataManager.swift */; };
		13B1B342247F4A44003FC8F2 /* GeocodeManager.swift in Sources */ = {isa = PBXBuildFile; fileRef = 13B1B341247F4A44003FC8F2 /* GeocodeManager.swift */; };
		13EA25AA248E27F80044DFAA /* NetStatus.swift in Sources */ = {isa = PBXBuildFile; fileRef = 13EA25A9248E27F80044DFAA /* NetStatus.swift */; };
		13EA25AC248E2F640044DFAA /* WetherModel.swift in Sources */ = {isa = PBXBuildFile; fileRef = 13EA25AB248E2F640044DFAA /* WetherModel.swift */; };
		13EA25E2249209DD0044DFAA /* .gitattributes in Resources */ = {isa = PBXBuildFile; fileRef = 13EA25E1249209DD0044DFAA /* .gitattributes */; };
		13EA25E424920A0B0044DFAA /* README.md in Resources */ = {isa = PBXBuildFile; fileRef = 13EA25E324920A0B0044DFAA /* README.md */; };
		13EA25E7249306830044DFAA /* NewHomeVC.swift in Sources */ = {isa = PBXBuildFile; fileRef = 13EA25E6249306830044DFAA /* NewHomeVC.swift */; };
		13EA25E92493135D0044DFAA /* NaviNewHomeVC.swift in Sources */ = {isa = PBXBuildFile; fileRef = 13EA25E82493135D0044DFAA /* NaviNewHomeVC.swift */; };
		13EA25EC24931DBE0044DFAA /* NewHomeCollectionViewCell.swift in Sources */ = {isa = PBXBuildFile; fileRef = 13EA25EA24931DBE0044DFAA /* NewHomeCollectionViewCell.swift */; };
		13EA25ED24931DBE0044DFAA /* NewHomeCollectionViewCell.xib in Resources */ = {isa = PBXBuildFile; fileRef = 13EA25EB24931DBE0044DFAA /* NewHomeCollectionViewCell.xib */; };
		771B19AAD36A9DCABFCC81DC /* Pods_LifeAPP.framework in Frameworks */ = {isa = PBXBuildFile; fileRef = 18BADF633DEE3E0B75E9AF37 /* Pods_LifeAPP.framework */; };
/* End PBXBuildFile section */

/* Begin PBXFileReference section */
		1347E5D624848ADF0036E4A2 /* DetailVC.swift */ = {isa = PBXFileReference; lastKnownFileType = sourcecode.swift; path = DetailVC.swift; sourceTree = "<group>"; };
		1347E5D724848ADF0036E4A2 /* DetailVC.xib */ = {isa = PBXFileReference; lastKnownFileType = file.xib; path = DetailVC.xib; sourceTree = "<group>"; };
		1347E5DA2484C4470036E4A2 /* CardDetailTableViewCell.swift */ = {isa = PBXFileReference; lastKnownFileType = sourcecode.swift; path = CardDetailTableViewCell.swift; sourceTree = "<group>"; };
		1347E5DB2484C4470036E4A2 /* CardDetailTableViewCell.xib */ = {isa = PBXFileReference; lastKnownFileType = file.xib; path = CardDetailTableViewCell.xib; sourceTree = "<group>"; };
		1347E5E224862BFD0036E4A2 /* MenuVC.swift */ = {isa = PBXFileReference; lastKnownFileType = sourcecode.swift; path = MenuVC.swift; sourceTree = "<group>"; };
		1347E5E324862BFD0036E4A2 /* MenuVC.xib */ = {isa = PBXFileReference; lastKnownFileType = file.xib; path = MenuVC.xib; sourceTree = "<group>"; };
		1347E5E8248632060036E4A2 /* MenuTableViewCell.swift */ = {isa = PBXFileReference; lastKnownFileType = sourcecode.swift; path = MenuTableViewCell.swift; sourceTree = "<group>"; };
		1347E5E9248632060036E4A2 /* MenuTableViewCell.xib */ = {isa = PBXFileReference; lastKnownFileType = file.xib; path = MenuTableViewCell.xib; sourceTree = "<group>"; };
		1347E5ED24863C0F0036E4A2 /* OilVC.swift */ = {isa = PBXFileReference; lastKnownFileType = sourcecode.swift; path = OilVC.swift; sourceTree = "<group>"; };
		1347E5EE24863C0F0036E4A2 /* OilVC.xib */ = {isa = PBXFileReference; lastKnownFileType = file.xib; path = OilVC.xib; sourceTree = "<group>"; };
		1347E5F1248654370036E4A2 /* OilCollectionViewCell.swift */ = {isa = PBXFileReference; lastKnownFileType = sourcecode.swift; path = OilCollectionViewCell.swift; sourceTree = "<group>"; };
		1347E5F2248654370036E4A2 /* OilCollectionViewCell.xib */ = {isa = PBXFileReference; lastKnownFileType = file.xib; path = OilCollectionViewCell.xib; sourceTree = "<group>"; };
		1347E6172487757D0036E4A2 /* OilModel.swift */ = {isa = PBXFileReference; lastKnownFileType = sourcecode.swift; path = OilModel.swift; sourceTree = "<group>"; };
		13552E8E247B8E5A00CA895E /* LifeAPP.app */ = {isa = PBXFileReference; explicitFileType = wrapper.application; includeInIndex = 0; path = LifeAPP.app; sourceTree = BUILT_PRODUCTS_DIR; };
		13552E91247B8E5A00CA895E /* AppDelegate.swift */ = {isa = PBXFileReference; lastKnownFileType = sourcecode.swift; path = AppDelegate.swift; sourceTree = "<group>"; };
		13552E93247B8E5A00CA895E /* SceneDelegate.swift */ = {isa = PBXFileReference; lastKnownFileType = sourcecode.swift; path = SceneDelegate.swift; sourceTree = "<group>"; };
		13552E95247B8E5A00CA895E /* ViewController.swift */ = {isa = PBXFileReference; lastKnownFileType = sourcecode.swift; path = ViewController.swift; sourceTree = "<group>"; };
		13552E98247B8E5A00CA895E /* Base */ = {isa = PBXFileReference; lastKnownFileType = file.storyboard; name = Base; path = Base.lproj/Main.storyboard; sourceTree = "<group>"; };
		13552E9A247B8E5B00CA895E /* Assets.xcassets */ = {isa = PBXFileReference; lastKnownFileType = folder.assetcatalog; path = Assets.xcassets; sourceTree = "<group>"; };
		13552E9D247B8E5B00CA895E /* Base */ = {isa = PBXFileReference; lastKnownFileType = file.storyboard; name = Base; path = Base.lproj/LaunchScreen.storyboard; sourceTree = "<group>"; };
		13552E9F247B8E5B00CA895E /* Info.plist */ = {isa = PBXFileReference; lastKnownFileType = text.plist.xml; path = Info.plist; sourceTree = "<group>"; };
		13552EA5247B915100CA895E /* Extension.swift */ = {isa = PBXFileReference; lastKnownFileType = sourcecode.swift; path = Extension.swift; sourceTree = "<group>"; };
		13552ED2247C9BFE00CA895E /* Roboto-Light.ttf */ = {isa = PBXFileReference; lastKnownFileType = file; name = "Roboto-Light.ttf"; path = "../../../../../../Downloads/Roboto/Roboto-Light.ttf"; sourceTree = "<group>"; };
		13552ED4247C9C1B00CA895E /* Lato-Regular.ttf */ = {isa = PBXFileReference; lastKnownFileType = file; name = "Lato-Regular.ttf"; path = "../../../../../../Downloads/Lato/Lato-Regular.ttf"; sourceTree = "<group>"; };
		13552ED6247CBEB300CA895E /* TextCollectionViewCell.swift */ = {isa = PBXFileReference; lastKnownFileType = sourcecode.swift; path = TextCollectionViewCell.swift; sourceTree = "<group>"; };
		13552ED7247CBEB300CA895E /* TextCollectionViewCell.xib */ = {isa = PBXFileReference; lastKnownFileType = file.xib; path = TextCollectionViewCell.xib; sourceTree = "<group>"; };
		13552EDA247CBEC400CA895E /* ImageCollectionViewCell.swift */ = {isa = PBXFileReference; lastKnownFileType = sourcecode.swift; path = ImageCollectionViewCell.swift; sourceTree = "<group>"; };
		13552EDB247CBEC400CA895E /* ImageCollectionViewCell.xib */ = {isa = PBXFileReference; lastKnownFileType = file.xib; path = ImageCollectionViewCell.xib; sourceTree = "<group>"; };
		1359A56F24935FD60076E9F1 /* TicketVC.swift */ = {isa = PBXFileReference; lastKnownFileType = sourcecode.swift; path = TicketVC.swift; sourceTree = "<group>"; };
		1359A57124936D420076E9F1 /* TicketCollectionViewCell.swift */ = {isa = PBXFileReference; lastKnownFileType = sourcecode.swift; path = TicketCollectionViewCell.swift; sourceTree = "<group>"; };
		1359A57224936D420076E9F1 /* TicketCollectionViewCell.xib */ = {isa = PBXFileReference; lastKnownFileType = file.xib; path = TicketCollectionViewCell.xib; sourceTree = "<group>"; };
		1396B9AF2499C38D00C2AEAE /* LifeAPP.entitlements */ = {isa = PBXFileReference; lastKnownFileType = text.plist.entitlements; path = LifeAPP.entitlements; sourceTree = "<group>"; };
		1396B9B22499CB3E00C2AEAE /* GoogleService-Info.plist */ = {isa = PBXFileReference; fileEncoding = 4; lastKnownFileType = text.plist.xml; name = "GoogleService-Info.plist"; path = "../../../../../Downloads/GoogleService-Info.plist"; sourceTree = "<group>"; };
		13B05451247CE9A000B85357 /* ClientManager.swift */ = {isa = PBXFileReference; lastKnownFileType = sourcecode.swift; path = ClientManager.swift; sourceTree = "<group>"; };
		13B05453247CE9AD00B85357 /* DataManager.swift */ = {isa = PBXFileReference; lastKnownFileType = sourcecode.swift; path = DataManager.swift; sourceTree = "<group>"; };
		13B1B341247F4A44003FC8F2 /* GeocodeManager.swift */ = {isa = PBXFileReference; lastKnownFileType = sourcecode.swift; path = GeocodeManager.swift; sourceTree = "<group>"; };
		13EA25A9248E27F80044DFAA /* NetStatus.swift */ = {isa = PBXFileReference; lastKnownFileType = sourcecode.swift; path = NetStatus.swift; sourceTree = "<group>"; };
		13EA25AB248E2F640044DFAA /* WetherModel.swift */ = {isa = PBXFileReference; lastKnownFileType = sourcecode.swift; path = WetherModel.swift; sourceTree = "<group>"; };
		13EA25E1249209DD0044DFAA /* .gitattributes */ = {isa = PBXFileReference; lastKnownFileType = text; path = .gitattributes; sourceTree = "<group>"; };
		13EA25E324920A0B0044DFAA /* README.md */ = {isa = PBXFileReference; lastKnownFileType = net.daringfireball.markdown; path = README.md; sourceTree = "<group>"; };
		13EA25E6249306830044DFAA /* NewHomeVC.swift */ = {isa = PBXFileReference; lastKnownFileType = sourcecode.swift; path = NewHomeVC.swift; sourceTree = "<group>"; };
		13EA25E82493135D0044DFAA /* NaviNewHomeVC.swift */ = {isa = PBXFileReference; lastKnownFileType = sourcecode.swift; path = NaviNewHomeVC.swift; sourceTree = "<group>"; };
		13EA25EA24931DBE0044DFAA /* NewHomeCollectionViewCell.swift */ = {isa = PBXFileReference; lastKnownFileType = sourcecode.swift; path = NewHomeCollectionViewCell.swift; sourceTree = "<group>"; };
		13EA25EB24931DBE0044DFAA /* NewHomeCollectionViewCell.xib */ = {isa = PBXFileReference; lastKnownFileType = file.xib; path = NewHomeCollectionViewCell.xib; sourceTree = "<group>"; };
		18BADF633DEE3E0B75E9AF37 /* Pods_LifeAPP.framework */ = {isa = PBXFileReference; explicitFileType = wrapper.framework; includeInIndex = 0; path = Pods_LifeAPP.framework; sourceTree = BUILT_PRODUCTS_DIR; };
		73E141D7CBC0F22619B8487E /* Pods-LifeAPP.debug.xcconfig */ = {isa = PBXFileReference; includeInIndex = 1; lastKnownFileType = text.xcconfig; name = "Pods-LifeAPP.debug.xcconfig"; path = "Target Support Files/Pods-LifeAPP/Pods-LifeAPP.debug.xcconfig"; sourceTree = "<group>"; };
		9E59EBCA612EEABEC325F829 /* Pods-LifeAPP.release.xcconfig */ = {isa = PBXFileReference; includeInIndex = 1; lastKnownFileType = text.xcconfig; name = "Pods-LifeAPP.release.xcconfig"; path = "Target Support Files/Pods-LifeAPP/Pods-LifeAPP.release.xcconfig"; sourceTree = "<group>"; };
/* End PBXFileReference section */

/* Begin PBXFrameworksBuildPhase section */
		13552E8B247B8E5A00CA895E /* Frameworks */ = {
			isa = PBXFrameworksBuildPhase;
			buildActionMask = 2147483647;
			files = (
				771B19AAD36A9DCABFCC81DC /* Pods_LifeAPP.framework in Frameworks */,
			);
			runOnlyForDeploymentPostprocessing = 0;
		};
/* End PBXFrameworksBuildPhase section */

/* Begin PBXGroup section */
		1347E5E6248631BE0036E4A2 /* Home */ = {
			isa = PBXGroup;
			children = (
				13552ED6247CBEB300CA895E /* TextCollectionViewCell.swift */,
				13552ED7247CBEB300CA895E /* TextCollectionViewCell.xib */,
				13552EDA247CBEC400CA895E /* ImageCollectionViewCell.swift */,
				13552EDB247CBEC400CA895E /* ImageCollectionViewCell.xib */,
				1347E5DA2484C4470036E4A2 /* CardDetailTableViewCell.swift */,
				1347E5DB2484C4470036E4A2 /* CardDetailTableViewCell.xib */,
				1347E5D624848ADF0036E4A2 /* DetailVC.swift */,
				1347E5D724848ADF0036E4A2 /* DetailVC.xib */,
				13552E95247B8E5A00CA895E /* ViewController.swift */,
			);
			path = Home;
			sourceTree = "<group>";
		};
		1347E5E7248631D50036E4A2 /* Menu */ = {
			isa = PBXGroup;
			children = (
				1347E5E224862BFD0036E4A2 /* MenuVC.swift */,
				1347E5E324862BFD0036E4A2 /* MenuVC.xib */,
				1347E5E8248632060036E4A2 /* MenuTableViewCell.swift */,
				1347E5E9248632060036E4A2 /* MenuTableViewCell.xib */,
			);
			path = Menu;
			sourceTree = "<group>";
		};
		1347E5EC24863BF00036E4A2 /* Oil */ = {
			isa = PBXGroup;
			children = (
				1347E5ED24863C0F0036E4A2 /* OilVC.swift */,
				1347E5EE24863C0F0036E4A2 /* OilVC.xib */,
				1347E5F1248654370036E4A2 /* OilCollectionViewCell.swift */,
				1347E5F2248654370036E4A2 /* OilCollectionViewCell.xib */,
			);
			path = Oil;
			sourceTree = "<group>";
		};
		13552E85247B8E5A00CA895E = {
			isa = PBXGroup;
			children = (
				13EA25E324920A0B0044DFAA /* README.md */,
				13EA25E1249209DD0044DFAA /* .gitattributes */,
				13552E90247B8E5A00CA895E /* LifeAPP */,
				13552E8F247B8E5A00CA895E /* Products */,
				7258B536EACDA84FD3D08B93 /* Pods */,
				21C428370620DA8021B83854 /* Frameworks */,
			);
			sourceTree = "<group>";
		};
		13552E8F247B8E5A00CA895E /* Products */ = {
			isa = PBXGroup;
			children = (
				13552E8E247B8E5A00CA895E /* LifeAPP.app */,
			);
			name = Products;
			sourceTree = "<group>";
		};
		13552E90247B8E5A00CA895E /* LifeAPP */ = {
			isa = PBXGroup;
			children = (
				1396B9AF2499C38D00C2AEAE /* LifeAPP.entitlements */,
				13552E91247B8E5A00CA895E /* AppDelegate.swift */,
				13552E93247B8E5A00CA895E /* SceneDelegate.swift */,
				13B05455247CEAF000B85357 /* model */,
				13B05450247CE98700B85357 /* Manager */,
				1347E5E7248631D50036E4A2 /* Menu */,
				1347E5EC24863BF00036E4A2 /* Oil */,
				1347E5E6248631BE0036E4A2 /* Home */,
				13EA25E5249306480044DFAA /* New Home */,
				13552E97247B8E5A00CA895E /* Main.storyboard */,
				13552E9A247B8E5B00CA895E /* Assets.xcassets */,
				13552E9C247B8E5B00CA895E /* LaunchScreen.storyboard */,
				13552E9F247B8E5B00CA895E /* Info.plist */,
				1396B9B22499CB3E00C2AEAE /* GoogleService-Info.plist */,
				13552EA5247B915100CA895E /* Extension.swift */,
				13552ECD247C994500CA895E /* font */,
			);
			path = LifeAPP;
			sourceTree = "<group>";
		};
		13552ECD247C994500CA895E /* font */ = {
			isa = PBXGroup;
			children = (
				13552ED2247C9BFE00CA895E /* Roboto-Light.ttf */,
				13552ED4247C9C1B00CA895E /* Lato-Regular.ttf */,
			);
			path = font;
			sourceTree = "<group>";
		};
		13B05450247CE98700B85357 /* Manager */ = {
			isa = PBXGroup;
			children = (
				13B05451247CE9A000B85357 /* ClientManager.swift */,
				13B05453247CE9AD00B85357 /* DataManager.swift */,
				13B1B341247F4A44003FC8F2 /* GeocodeManager.swift */,
				13EA25A9248E27F80044DFAA /* NetStatus.swift */,
			);
			path = Manager;
			sourceTree = "<group>";
		};
		13B05455247CEAF000B85357 /* model */ = {
			isa = PBXGroup;
			children = (
				1347E6172487757D0036E4A2 /* OilModel.swift */,
				13EA25AB248E2F640044DFAA /* WetherModel.swift */,
			);
			path = model;
			sourceTree = "<group>";
		};
		13EA25E5249306480044DFAA /* New Home */ = {
			isa = PBXGroup;
			children = (
				13EA25E82493135D0044DFAA /* NaviNewHomeVC.swift */,
				13EA25E6249306830044DFAA /* NewHomeVC.swift */,
				13EA25EA24931DBE0044DFAA /* NewHomeCollectionViewCell.swift */,
				13EA25EB24931DBE0044DFAA /* NewHomeCollectionViewCell.xib */,
				1359A56F24935FD60076E9F1 /* TicketVC.swift */,
				1359A57124936D420076E9F1 /* TicketCollectionViewCell.swift */,
				1359A57224936D420076E9F1 /* TicketCollectionViewCell.xib */,
			);
			path = "New Home";
			sourceTree = "<group>";
		};
		21C428370620DA8021B83854 /* Frameworks */ = {
			isa = PBXGroup;
			children = (
				18BADF633DEE3E0B75E9AF37 /* Pods_LifeAPP.framework */,
			);
			name = Frameworks;
			sourceTree = "<group>";
		};
		7258B536EACDA84FD3D08B93 /* Pods */ = {
			isa = PBXGroup;
			children = (
				73E141D7CBC0F22619B8487E /* Pods-LifeAPP.debug.xcconfig */,
				9E59EBCA612EEABEC325F829 /* Pods-LifeAPP.release.xcconfig */,
			);
			path = Pods;
			sourceTree = "<group>";
		};
/* End PBXGroup section */

/* Begin PBXNativeTarget section */
		13552E8D247B8E5A00CA895E /* LifeAPP */ = {
			isa = PBXNativeTarget;
			buildConfigurationList = 13552EA2247B8E5B00CA895E /* Build configuration list for PBXNativeTarget "LifeAPP" */;
			buildPhases = (
				1334C4FCA664CA133B12B38E /* [CP] Check Pods Manifest.lock */,
				13552E8A247B8E5A00CA895E /* Sources */,
				13552E8B247B8E5A00CA895E /* Frameworks */,
				13552E8C247B8E5A00CA895E /* Resources */,
				A6D69DA3838ECDF792B1A36D /* [CP] Embed Pods Frameworks */,
				1396B98B2498B81C00C2AEAE /* ShellScript */,
			);
			buildRules = (
			);
			dependencies = (
			);
			name = LifeAPP;
			productName = LifeAPP;
			productReference = 13552E8E247B8E5A00CA895E /* LifeAPP.app */;
			productType = "com.apple.product-type.application";
		};
/* End PBXNativeTarget section */

/* Begin PBXProject section */
		13552E86247B8E5A00CA895E /* Project object */ = {
			isa = PBXProject;
			attributes = {
				LastSwiftUpdateCheck = 1130;
				LastUpgradeCheck = 1130;
				ORGANIZATIONNAME = "顏淩育";
				TargetAttributes = {
					13552E8D247B8E5A00CA895E = {
						CreatedOnToolsVersion = 11.3;
					};
				};
			};
			buildConfigurationList = 13552E89247B8E5A00CA895E /* Build configuration list for PBXProject "LifeAPP" */;
			compatibilityVersion = "Xcode 9.3";
			developmentRegion = en;
			hasScannedForEncodings = 0;
			knownRegions = (
				en,
				Base,
			);
			mainGroup = 13552E85247B8E5A00CA895E;
			productRefGroup = 13552E8F247B8E5A00CA895E /* Products */;
			projectDirPath = "";
			projectRoot = "";
			targets = (
				13552E8D247B8E5A00CA895E /* LifeAPP */,
			);
		};
/* End PBXProject section */

/* Begin PBXResourcesBuildPhase section */
		13552E8C247B8E5A00CA895E /* Resources */ = {
			isa = PBXResourcesBuildPhase;
			buildActionMask = 2147483647;
			files = (
				13552E9E247B8E5B00CA895E /* LaunchScreen.storyboard in Resources */,
				1347E5DD2484C4470036E4A2 /* CardDetailTableViewCell.xib in Resources */,
				1347E5D924848ADF0036E4A2 /* DetailVC.xib in Resources */,
				13552E9B247B8E5B00CA895E /* Assets.xcassets in Resources */,
				13552ED5247C9C1B00CA895E /* Lato-Regular.ttf in Resources */,
				1347E5F4248654370036E4A2 /* OilCollectionViewCell.xib in Resources */,
				13552EDD247CBEC400CA895E /* ImageCollectionViewCell.xib in Resources */,
				13552ED9247CBEB300CA895E /* TextCollectionViewCell.xib in Resources */,
				13EA25ED24931DBE0044DFAA /* NewHomeCollectionViewCell.xib in Resources */,
				13552ED3247C9BFE00CA895E /* Roboto-Light.ttf in Resources */,
				1347E5EB248632060036E4A2 /* MenuTableViewCell.xib in Resources */,
				1396B9B32499CB3E00C2AEAE /* GoogleService-Info.plist in Resources */,
				1359A57424936D420076E9F1 /* TicketCollectionViewCell.xib in Resources */,
				13552E99247B8E5A00CA895E /* Main.storyboard in Resources */,
				13EA25E2249209DD0044DFAA /* .gitattributes in Resources */,
				13EA25E424920A0B0044DFAA /* README.md in Resources */,
				1347E5E524862BFD0036E4A2 /* MenuVC.xib in Resources */,
				1347E5F024863C0F0036E4A2 /* OilVC.xib in Resources */,
			);
			runOnlyForDeploymentPostprocessing = 0;
		};
/* End PBXResourcesBuildPhase section */

/* Begin PBXShellScriptBuildPhase section */
		1334C4FCA664CA133B12B38E /* [CP] Check Pods Manifest.lock */ = {
			isa = PBXShellScriptBuildPhase;
			buildActionMask = 2147483647;
			files = (
			);
			inputFileListPaths = (
			);
			inputPaths = (
				"${PODS_PODFILE_DIR_PATH}/Podfile.lock",
				"${PODS_ROOT}/Manifest.lock",
			);
			name = "[CP] Check Pods Manifest.lock";
			outputFileListPaths = (
			);
			outputPaths = (
				"$(DERIVED_FILE_DIR)/Pods-LifeAPP-checkManifestLockResult.txt",
			);
			runOnlyForDeploymentPostprocessing = 0;
			shellPath = /bin/sh;
			shellScript = "diff \"${PODS_PODFILE_DIR_PATH}/Podfile.lock\" \"${PODS_ROOT}/Manifest.lock\" > /dev/null\nif [ $? != 0 ] ; then\n    # print error to STDERR\n    echo \"error: The sandbox is not in sync with the Podfile.lock. Run 'pod install' or update your CocoaPods installation.\" >&2\n    exit 1\nfi\n# This output is used by Xcode 'outputs' to avoid re-running this script phase.\necho \"SUCCESS\" > \"${SCRIPT_OUTPUT_FILE_0}\"\n";
			showEnvVarsInLog = 0;
		};
		1396B98B2498B81C00C2AEAE /* ShellScript */ = {
			isa = PBXShellScriptBuildPhase;
			buildActionMask = 2147483647;
			files = (
			);
			inputFileListPaths = (
			);
			inputPaths = (
			);
			outputFileListPaths = (
			);
			outputPaths = (
			);
			runOnlyForDeploymentPostprocessing = 0;
			shellPath = /bin/sh;
			shellScript = "\"${PODS_ROOT}/Fabric/run\"\n";
		};
		A6D69DA3838ECDF792B1A36D /* [CP] Embed Pods Frameworks */ = {
			isa = PBXShellScriptBuildPhase;
			buildActionMask = 2147483647;
			files = (
			);
			inputFileListPaths = (
				"${PODS_ROOT}/Target Support Files/Pods-LifeAPP/Pods-LifeAPP-frameworks-${CONFIGURATION}-input-files.xcfilelist",
			);
			name = "[CP] Embed Pods Frameworks";
			outputFileListPaths = (
				"${PODS_ROOT}/Target Support Files/Pods-LifeAPP/Pods-LifeAPP-frameworks-${CONFIGURATION}-output-files.xcfilelist",
			);
			runOnlyForDeploymentPostprocessing = 0;
			shellPath = /bin/sh;
			shellScript = "\"${PODS_ROOT}/Target Support Files/Pods-LifeAPP/Pods-LifeAPP-frameworks.sh\"\n";
			showEnvVarsInLog = 0;
		};
/* End PBXShellScriptBuildPhase section */

/* Begin PBXSourcesBuildPhase section */
		13552E8A247B8E5A00CA895E /* Sources */ = {
			isa = PBXSourcesBuildPhase;
			buildActionMask = 2147483647;
			files = (
				13552EDC247CBEC400CA895E /* ImageCollectionViewCell.swift in Sources */,
				1347E6182487757D0036E4A2 /* OilModel.swift in Sources */,
				1359A57324936D420076E9F1 /* TicketCollectionViewCell.swift in Sources */,
				13B05454247CE9AD00B85357 /* DataManager.swift in Sources */,
				13552ED8247CBEB300CA895E /* TextCollectionViewCell.swift in Sources */,
				13EA25AC248E2F640044DFAA /* WetherModel.swift in Sources */,
				13B05452247CE9A000B85357 /* ClientManager.swift in Sources */,
				13552E96247B8E5A00CA895E /* ViewController.swift in Sources */,
				13EA25E7249306830044DFAA /* NewHomeVC.swift in Sources */,
				13EA25E92493135D0044DFAA /* NaviNewHomeVC.swift in Sources */,
				1347E5D824848ADF0036E4A2 /* DetailVC.swift in Sources */,
				1359A57024935FD60076E9F1 /* TicketVC.swift in Sources */,
				1347E5DC2484C4470036E4A2 /* CardDetailTableViewCell.swift in Sources */,
				13B1B342247F4A44003FC8F2 /* GeocodeManager.swift in Sources */,
				13552E92247B8E5A00CA895E /* AppDelegate.swift in Sources */,
				1347E5F3248654370036E4A2 /* OilCollectionViewCell.swift in Sources */,
				13552E94247B8E5A00CA895E /* SceneDelegate.swift in Sources */,
				1347E5EA248632060036E4A2 /* MenuTableViewCell.swift in Sources */,
				1347E5EF24863C0F0036E4A2 /* OilVC.swift in Sources */,
				13552EA6247B915100CA895E /* Extension.swift in Sources */,
				13EA25EC24931DBE0044DFAA /* NewHomeCollectionViewCell.swift in Sources */,
				1347E5E424862BFD0036E4A2 /* MenuVC.swift in Sources */,
				13EA25AA248E27F80044DFAA /* NetStatus.swift in Sources */,
			);
			runOnlyForDeploymentPostprocessing = 0;
		};
/* End PBXSourcesBuildPhase section */

/* Begin PBXVariantGroup section */
		13552E97247B8E5A00CA895E /* Main.storyboard */ = {
			isa = PBXVariantGroup;
			children = (
				13552E98247B8E5A00CA895E /* Base */,
			);
			name = Main.storyboard;
			sourceTree = "<group>";
		};
		13552E9C247B8E5B00CA895E /* LaunchScreen.storyboard */ = {
			isa = PBXVariantGroup;
			children = (
				13552E9D247B8E5B00CA895E /* Base */,
			);
			name = LaunchScreen.storyboard;
			sourceTree = "<group>";
		};
/* End PBXVariantGroup section */

/* Begin XCBuildConfiguration section */
		13552EA0247B8E5B00CA895E /* Debug */ = {
			isa = XCBuildConfiguration;
			buildSettings = {
				ALWAYS_SEARCH_USER_PATHS = NO;
				CLANG_ANALYZER_NONNULL = YES;
				CLANG_ANALYZER_NUMBER_OBJECT_CONVERSION = YES_AGGRESSIVE;
				CLANG_CXX_LANGUAGE_STANDARD = "gnu++14";
				CLANG_CXX_LIBRARY = "libc++";
				CLANG_ENABLE_MODULES = YES;
				CLANG_ENABLE_OBJC_ARC = YES;
				CLANG_ENABLE_OBJC_WEAK = YES;
				CLANG_WARN_BLOCK_CAPTURE_AUTORELEASING = YES;
				CLANG_WARN_BOOL_CONVERSION = YES;
				CLANG_WARN_COMMA = YES;
				CLANG_WARN_CONSTANT_CONVERSION = YES;
				CLANG_WARN_DEPRECATED_OBJC_IMPLEMENTATIONS = YES;
				CLANG_WARN_DIRECT_OBJC_ISA_USAGE = YES_ERROR;
				CLANG_WARN_DOCUMENTATION_COMMENTS = YES;
				CLANG_WARN_EMPTY_BODY = YES;
				CLANG_WARN_ENUM_CONVERSION = YES;
				CLANG_WARN_INFINITE_RECURSION = YES;
				CLANG_WARN_INT_CONVERSION = YES;
				CLANG_WARN_NON_LITERAL_NULL_CONVERSION = YES;
				CLANG_WARN_OBJC_IMPLICIT_RETAIN_SELF = YES;
				CLANG_WARN_OBJC_LITERAL_CONVERSION = YES;
				CLANG_WARN_OBJC_ROOT_CLASS = YES_ERROR;
				CLANG_WARN_RANGE_LOOP_ANALYSIS = YES;
				CLANG_WARN_STRICT_PROTOTYPES = YES;
				CLANG_WARN_SUSPICIOUS_MOVE = YES;
				CLANG_WARN_UNGUARDED_AVAILABILITY = YES_AGGRESSIVE;
				CLANG_WARN_UNREACHABLE_CODE = YES;
				CLANG_WARN__DUPLICATE_METHOD_MATCH = YES;
				COPY_PHASE_STRIP = NO;
				DEBUG_INFORMATION_FORMAT = dwarf;
				ENABLE_STRICT_OBJC_MSGSEND = YES;
				ENABLE_TESTABILITY = YES;
				GCC_C_LANGUAGE_STANDARD = gnu11;
				GCC_DYNAMIC_NO_PIC = NO;
				GCC_NO_COMMON_BLOCKS = YES;
				GCC_OPTIMIZATION_LEVEL = 0;
				GCC_PREPROCESSOR_DEFINITIONS = (
					"DEBUG=1",
					"$(inherited)",
				);
				GCC_WARN_64_TO_32_BIT_CONVERSION = YES;
				GCC_WARN_ABOUT_RETURN_TYPE = YES_ERROR;
				GCC_WARN_UNDECLARED_SELECTOR = YES;
				GCC_WARN_UNINITIALIZED_AUTOS = YES_AGGRESSIVE;
				GCC_WARN_UNUSED_FUNCTION = YES;
				GCC_WARN_UNUSED_VARIABLE = YES;
				IPHONEOS_DEPLOYMENT_TARGET = 13.2;
				MTL_ENABLE_DEBUG_INFO = INCLUDE_SOURCE;
				MTL_FAST_MATH = YES;
				ONLY_ACTIVE_ARCH = YES;
				SDKROOT = iphoneos;
				SWIFT_ACTIVE_COMPILATION_CONDITIONS = DEBUG;
				SWIFT_OPTIMIZATION_LEVEL = "-Onone";
			};
			name = Debug;
		};
		13552EA1247B8E5B00CA895E /* Release */ = {
			isa = XCBuildConfiguration;
			buildSettings = {
				ALWAYS_SEARCH_USER_PATHS = NO;
				CLANG_ANALYZER_NONNULL = YES;
				CLANG_ANALYZER_NUMBER_OBJECT_CONVERSION = YES_AGGRESSIVE;
				CLANG_CXX_LANGUAGE_STANDARD = "gnu++14";
				CLANG_CXX_LIBRARY = "libc++";
				CLANG_ENABLE_MODULES = YES;
				CLANG_ENABLE_OBJC_ARC = YES;
				CLANG_ENABLE_OBJC_WEAK = YES;
				CLANG_WARN_BLOCK_CAPTURE_AUTORELEASING = YES;
				CLANG_WARN_BOOL_CONVERSION = YES;
				CLANG_WARN_COMMA = YES;
				CLANG_WARN_CONSTANT_CONVERSION = YES;
				CLANG_WARN_DEPRECATED_OBJC_IMPLEMENTATIONS = YES;
				CLANG_WARN_DIRECT_OBJC_ISA_USAGE = YES_ERROR;
				CLANG_WARN_DOCUMENTATION_COMMENTS = YES;
				CLANG_WARN_EMPTY_BODY = YES;
				CLANG_WARN_ENUM_CONVERSION = YES;
				CLANG_WARN_INFINITE_RECURSION = YES;
				CLANG_WARN_INT_CONVERSION = YES;
				CLANG_WARN_NON_LITERAL_NULL_CONVERSION = YES;
				CLANG_WARN_OBJC_IMPLICIT_RETAIN_SELF = YES;
				CLANG_WARN_OBJC_LITERAL_CONVERSION = YES;
				CLANG_WARN_OBJC_ROOT_CLASS = YES_ERROR;
				CLANG_WARN_RANGE_LOOP_ANALYSIS = YES;
				CLANG_WARN_STRICT_PROTOTYPES = YES;
				CLANG_WARN_SUSPICIOUS_MOVE = YES;
				CLANG_WARN_UNGUARDED_AVAILABILITY = YES_AGGRESSIVE;
				CLANG_WARN_UNREACHABLE_CODE = YES;
				CLANG_WARN__DUPLICATE_METHOD_MATCH = YES;
				COPY_PHASE_STRIP = NO;
				DEBUG_INFORMATION_FORMAT = "dwarf-with-dsym";
				ENABLE_NS_ASSERTIONS = NO;
				ENABLE_STRICT_OBJC_MSGSEND = YES;
				GCC_C_LANGUAGE_STANDARD = gnu11;
				GCC_NO_COMMON_BLOCKS = YES;
				GCC_WARN_64_TO_32_BIT_CONVERSION = YES;
				GCC_WARN_ABOUT_RETURN_TYPE = YES_ERROR;
				GCC_WARN_UNDECLARED_SELECTOR = YES;
				GCC_WARN_UNINITIALIZED_AUTOS = YES_AGGRESSIVE;
				GCC_WARN_UNUSED_FUNCTION = YES;
				GCC_WARN_UNUSED_VARIABLE = YES;
				IPHONEOS_DEPLOYMENT_TARGET = 13.2;
				MTL_ENABLE_DEBUG_INFO = NO;
				MTL_FAST_MATH = YES;
				SDKROOT = iphoneos;
				SWIFT_COMPILATION_MODE = wholemodule;
				SWIFT_OPTIMIZATION_LEVEL = "-O";
				VALIDATE_PRODUCT = YES;
			};
			name = Release;
		};
		13552EA3247B8E5B00CA895E /* Debug */ = {
			isa = XCBuildConfiguration;
			baseConfigurationReference = 73E141D7CBC0F22619B8487E /* Pods-LifeAPP.debug.xcconfig */;
			buildSettings = {
				ASSETCATALOG_COMPILER_APPICON_NAME = AppIcon;
				CODE_SIGN_ENTITLEMENTS = LifeAPP/LifeAPP.entitlements;
				CODE_SIGN_STYLE = Automatic;
				CURRENT_PROJECT_VERSION = 3;
				DEBUG_INFORMATION_FORMAT = "dwarf-with-dsym";
				DEVELOPMENT_TEAM = 7VWHLZ2Z9V;
				INFOPLIST_FILE = LifeAPP/Info.plist;
				IPHONEOS_DEPLOYMENT_TARGET = 12.0;
				LD_RUNPATH_SEARCH_PATHS = (
					"$(inherited)",
					"@executable_path/Frameworks",
				);
				MARKETING_VERSION = 1.1;
				PRODUCT_BUNDLE_IDENTIFIER = co.conquers.LifeAPP;
				PRODUCT_NAME = "$(TARGET_NAME)";
				SWIFT_VERSION = 5.0;
				TARGETED_DEVICE_FAMILY = 1;
			};
			name = Debug;
		};
		13552EA4247B8E5B00CA895E /* Release */ = {
			isa = XCBuildConfiguration;
			baseConfigurationReference = 9E59EBCA612EEABEC325F829 /* Pods-LifeAPP.release.xcconfig */;
			buildSettings = {
				ASSETCATALOG_COMPILER_APPICON_NAME = AppIcon;
				CODE_SIGN_ENTITLEMENTS = LifeAPP/LifeAPP.entitlements;
				CODE_SIGN_STYLE = Automatic;
				CURRENT_PROJECT_VERSION = 3;
				DEBUG_INFORMATION_FORMAT = "dwarf-with-dsym";
				DEVELOPMENT_TEAM = 7VWHLZ2Z9V;
				INFOPLIST_FILE = LifeAPP/Info.plist;
				IPHONEOS_DEPLOYMENT_TARGET = 12.0;
				LD_RUNPATH_SEARCH_PATHS = (
					"$(inherited)",
					"@executable_path/Frameworks",
				);
				MARKETING_VERSION = 1.1;
				PRODUCT_BUNDLE_IDENTIFIER = co.conquers.LifeAPP;
				PRODUCT_NAME = "$(TARGET_NAME)";
				SWIFT_VERSION = 5.0;
				TARGETED_DEVICE_FAMILY = 1;
			};
			name = Release;
		};
/* End XCBuildConfiguration section */

/* Begin XCConfigurationList section */
		13552E89247B8E5A00CA895E /* Build configuration list for PBXProject "LifeAPP" */ = {
			isa = XCConfigurationList;
			buildConfigurations = (
				13552EA0247B8E5B00CA895E /* Debug */,
				13552EA1247B8E5B00CA895E /* Release */,
			);
			defaultConfigurationIsVisible = 0;
			defaultConfigurationName = Release;
		};
		13552EA2247B8E5B00CA895E /* Build configuration list for PBXNativeTarget "LifeAPP" */ = {
			isa = XCConfigurationList;
			buildConfigurations = (
				13552EA3247B8E5B00CA895E /* Debug */,
				13552EA4247B8E5B00CA895E /* Release */,
			);
			defaultConfigurationIsVisible = 0;
			defaultConfigurationName = Release;
		};
/* End XCConfigurationList section */
	};
	rootObject = 13552E86247B8E5A00CA895E /* Project object */;
}
